// !$*UTF8*$!
{
	archiveVersion = 1;
	classes = {
	};
	objectVersion = 46;
	objects = {

/* Begin PBXBuildFile section */
		99287CCA30C78295B8D55B99 /* Pods_Instagram_Feed.framework in Frameworks */ = {isa = PBXBuildFile; fileRef = 885173D0A7DF259AA2000C02 /* Pods_Instagram_Feed.framework */; };
		CE481B701C51D79300C42790 /* AppDelegate.swift in Sources */ = {isa = PBXBuildFile; fileRef = CE481B6F1C51D79300C42790 /* AppDelegate.swift */; };
		CE481B721C51D79300C42790 /* photosViewController.swift in Sources */ = {isa = PBXBuildFile; fileRef = CE481B711C51D79300C42790 /* photosViewController.swift */; };
		CE481B751C51D79300C42790 /* Main.storyboard in Resources */ = {isa = PBXBuildFile; fileRef = CE481B731C51D79300C42790 /* Main.storyboard */; };
		CE481B771C51D79300C42790 /* Assets.xcassets in Resources */ = {isa = PBXBuildFile; fileRef = CE481B761C51D79300C42790 /* Assets.xcassets */; };
		CE481B7A1C51D79300C42790 /* LaunchScreen.storyboard in Resources */ = {isa = PBXBuildFile; fileRef = CE481B781C51D79300C42790 /* LaunchScreen.storyboard */; };
		CE481B841C51E92900C42790 /* PhotoCell.swift in Sources */ = {isa = PBXBuildFile; fileRef = CE481B831C51E92900C42790 /* PhotoCell.swift */; };
/* End PBXBuildFile section */

/* Begin PBXFileReference section */
		2A75E9C62F6733C8B973D176 /* Pods-Instagram Feed.debug.xcconfig */ = {isa = PBXFileReference; includeInIndex = 1; lastKnownFileType = text.xcconfig; name = "Pods-Instagram Feed.debug.xcconfig"; path = "Pods/Target Support Files/Pods-Instagram Feed/Pods-Instagram Feed.debug.xcconfig"; sourceTree = "<group>"; };
		885173D0A7DF259AA2000C02 /* Pods_Instagram_Feed.framework */ = {isa = PBXFileReference; explicitFileType = wrapper.framework; includeInIndex = 0; path = Pods_Instagram_Feed.framework; sourceTree = BUILT_PRODUCTS_DIR; };
		CE481B6C1C51D79300C42790 /* Instagram Feed.app */ = {isa = PBXFileReference; explicitFileType = wrapper.application; includeInIndex = 0; path = "Instagram Feed.app"; sourceTree = BUILT_PRODUCTS_DIR; };
		CE481B6F1C51D79300C42790 /* AppDelegate.swift */ = {isa = PBXFileReference; lastKnownFileType = sourcecode.swift; path = AppDelegate.swift; sourceTree = "<group>"; };
		CE481B711C51D79300C42790 /* photosViewController.swift */ = {isa = PBXFileReference; lastKnownFileType = sourcecode.swift; path = photosViewController.swift; sourceTree = "<group>"; };
		CE481B741C51D79300C42790 /* Base */ = {isa = PBXFileReference; lastKnownFileType = file.storyboard; name = Base; path = Base.lproj/Main.storyboard; sourceTree = "<group>"; };
		CE481B761C51D79300C42790 /* Assets.xcassets */ = {isa = PBXFileReference; lastKnownFileType = folder.assetcatalog; path = Assets.xcassets; sourceTree = "<group>"; };
		CE481B791C51D79300C42790 /* Base */ = {isa = PBXFileReference; lastKnownFileType = file.storyboard; name = Base; path = Base.lproj/LaunchScreen.storyboard; sourceTree = "<group>"; };
		CE481B7B1C51D79300C42790 /* Info.plist */ = {isa = PBXFileReference; lastKnownFileType = text.plist.xml; path = Info.plist; sourceTree = "<group>"; };
		CE481B831C51E92900C42790 /* PhotoCell.swift */ = {isa = PBXFileReference; fileEncoding = 4; lastKnownFileType = sourcecode.swift; path = PhotoCell.swift; sourceTree = "<group>"; };
		CFC08CAEB5B0021B2E0BB567 /* Pods-Instagram Feed.release.xcconfig */ = {isa = PBXFileReference; includeInIndex = 1; lastKnownFileType = text.xcconfig; name = "Pods-Instagram Feed.release.xcconfig"; path = "Pods/Target Support Files/Pods-Instagram Feed/Pods-Instagram Feed.release.xcconfig"; sourceTree = "<group>"; };
/* End PBXFileReference section */

/* Begin PBXFrameworksBuildPhase section */
		CE481B691C51D79300C42790 /* Frameworks */ = {
			isa = PBXFrameworksBuildPhase;
			buildActionMask = 2147483647;
			files = (
				99287CCA30C78295B8D55B99 /* Pods_Instagram_Feed.framework in Frameworks */,
			);
			runOnlyForDeploymentPostprocessing = 0;
		};
/* End PBXFrameworksBuildPhase section */

/* Begin PBXGroup section */
		0CA61E6FD1E1E72AB6CA671A /* Pods */ = {
			isa = PBXGroup;
			children = (
				2A75E9C62F6733C8B973D176 /* Pods-Instagram Feed.debug.xcconfig */,
				CFC08CAEB5B0021B2E0BB567 /* Pods-Instagram Feed.release.xcconfig */,
			);
			name = Pods;
			sourceTree = "<group>";
		};
		42EDA5DEF4DEA45BCF6279A9 /* Frameworks */ = {
			isa = PBXGroup;
			children = (
				885173D0A7DF259AA2000C02 /* Pods_Instagram_Feed.framework */,
			);
			name = Frameworks;
			sourceTree = "<group>";
		};
		CE481B631C51D79300C42790 = {
			isa = PBXGroup;
			children = (
				CE481B6E1C51D79300C42790 /* Instagram Feed */,
				CE481B6D1C51D79300C42790 /* Products */,
				0CA61E6FD1E1E72AB6CA671A /* Pods */,
				42EDA5DEF4DEA45BCF6279A9 /* Frameworks */,
			);
			sourceTree = "<group>";
		};
		CE481B6D1C51D79300C42790 /* Products */ = {
			isa = PBXGroup;
			children = (
				CE481B6C1C51D79300C42790 /* Instagram Feed.app */,
			);
			name = Products;
			sourceTree = "<group>";
		};
		CE481B6E1C51D79300C42790 /* Instagram Feed */ = {
			isa = PBXGroup;
			children = (
				CE481B6F1C51D79300C42790 /* AppDelegate.swift */,
				CE481B711C51D79300C42790 /* photosViewController.swift */,
				CE481B831C51E92900C42790 /* PhotoCell.swift */,
				CE481B731C51D79300C42790 /* Main.storyboard */,
				CE481B761C51D79300C42790 /* Assets.xcassets */,
				CE481B781C51D79300C42790 /* LaunchScreen.storyboard */,
				CE481B7B1C51D79300C42790 /* Info.plist */,
			);
			path = "Instagram Feed";
			sourceTree = "<group>";
		};
/* End PBXGroup section */

/* Begin PBXNativeTarget section */
		CE481B6B1C51D79300C42790 /* Instagram Feed */ = {
			isa = PBXNativeTarget;
			buildConfigurationList = CE481B7E1C51D79300C42790 /* Build configuration list for PBXNativeTarget "Instagram Feed" */;
			buildPhases = (
				00FD0CB00D72662A702168C2 /* Check Pods Manifest.lock */,
				CE481B681C51D79300C42790 /* Sources */,
				CE481B691C51D79300C42790 /* Frameworks */,
				CE481B6A1C51D79300C42790 /* Resources */,
				600954290AE074BDCC3DDD1B /* Embed Pods Frameworks */,
				1B3AEDEBA39EC21173DC71FC /* Copy Pods Resources */,
			);
			buildRules = (
			);
			dependencies = (
			);
			name = "Instagram Feed";
			productName = "Instagram Feed";
			productReference = CE481B6C1C51D79300C42790 /* Instagram Feed.app */;
			productType = "com.apple.product-type.application";
		};
/* End PBXNativeTarget section */

/* Begin PBXProject section */
		CE481B641C51D79300C42790 /* Project object */ = {
			isa = PBXProject;
			attributes = {
				LastSwiftUpdateCheck = 0720;
				LastUpgradeCheck = 0720;
				ORGANIZATIONNAME = Jean_Barbara;
				TargetAttributes = {
					CE481B6B1C51D79300C42790 = {
						CreatedOnToolsVersion = 7.2;
						DevelopmentTeam = QLTD7VWVWY;
					};
				};
			};
			buildConfigurationList = CE481B671C51D79300C42790 /* Build configuration list for PBXProject "Instagram Feed" */;
			compatibilityVersion = "Xcode 3.2";
			developmentRegion = English;
			hasScannedForEncodings = 0;
			knownRegions = (
				en,
				Base,
			);
			mainGroup = CE481B631C51D79300C42790;
			productRefGroup = CE481B6D1C51D79300C42790 /* Products */;
			projectDirPath = "";
			projectRoot = "";
			targets = (
				CE481B6B1C51D79300C42790 /* Instagram Feed */,
			);
		};
/* End PBXProject section */

/* Begin PBXResourcesBuildPhase section */
		CE481B6A1C51D79300C42790 /* Resources */ = {
			isa = PBXResourcesBuildPhase;
			buildActionMask = 2147483647;
			files = (
				CE481B7A1C51D79300C42790 /* LaunchScreen.storyboard in Resources */,
				CE481B771C51D79300C42790 /* Assets.xcassets in Resources */,
				CE481B751C51D79300C42790 /* Main.storyboard in Resources */,
			);
			runOnlyForDeploymentPostprocessing = 0;
		};
/* End PBXResourcesBuildPhase section */

/* Begin PBXShellScriptBuildPhase section */
		00FD0CB00D72662A702168C2 /* Check Pods Manifest.lock */ = {
			isa = PBXShellScriptBuildPhase;
			buildActionMask = 2147483647;
			files = (
			);
			inputPaths = (
			);
			name = "Check Pods Manifest.lock";
			outputPaths = (
			);
			runOnlyForDeploymentPostprocessing = 0;
			shellPath = /bin/sh;
			shellScript = "diff \"${PODS_ROOT}/../Podfile.lock\" \"${PODS_ROOT}/Manifest.lock\" > /dev/null\nif [[ $? != 0 ]] ; then\n    cat << EOM\nerror: The sandbox is not in sync with the Podfile.lock. Run 'pod install' or update your CocoaPods installation.\nEOM\n    exit 1\nfi\n";
			showEnvVarsInLog = 0;
		};
		1B3AEDEBA39EC21173DC71FC /* Copy Pods Resources */ = {
			isa = PBXShellScriptBuildPhase;
			buildActionMask = 2147483647;
			files = (
			);
			inputPaths = (
			);
			name = "Copy Pods Resources";
			outputPaths = (
			);
			runOnlyForDeploymentPostprocessing = 0;
			shellPath = /bin/sh;
			shellScript = "\"${SRCROOT}/Pods/Target Support Files/Pods-Instagram Feed/Pods-Instagram Feed-resources.sh\"\n";
			showEnvVarsInLog = 0;
		};
		600954290AE074BDCC3DDD1B /* Embed Pods Frameworks */ = {
			isa = PBXShellScriptBuildPhase;
			buildActionMask = 2147483647;
			files = (
			);
			inputPaths = (
			);
			name = "Embed Pods Frameworks";
			outputPaths = (
			);
			runOnlyForDeploymentPostprocessing = 0;
			shellPath = /bin/sh;
			shellScript = "\"${SRCROOT}/Pods/Target Support Files/Pods-Instagram Feed/Pods-Instagram Feed-frameworks.sh\"\n";
			showEnvVarsInLog = 0;
		};
/* End PBXShellScriptBuildPhase section */

/* Begin PBXSourcesBuildPhase section */
		CE481B681C51D79300C42790 /* Sources */ = {
			isa = PBXSourcesBuildPhase;
			buildActionMask = 2147483647;
			files = (
				CE481B721C51D79300C42790 /* photosViewController.swift in Sources */,
				CE481B841C51E92900C42790 /* PhotoCell.swift in Sources */,
				CE481B701C51D79300C42790 /* AppDelegate.swift in Sources */,
			);
			runOnlyForDeploymentPostprocessing = 0;
		};
/* End PBXSourcesBuildPhase section */

/* Begin PBXVariantGroup section */
		CE481B731C51D79300C42790 /* Main.storyboard */ = {
			isa = PBXVariantGroup;
			children = (
				CE481B741C51D79300C42790 /* Base */,
			);
			name = Main.storyboard;
			sourceTree = "<group>";
		};
		CE481B781C51D79300C42790 /* LaunchScreen.storyboard */ = {
			isa = PBXVariantGroup;
			children = (
				CE481B791C51D79300C42790 /* Base */,
			);
			name = LaunchScreen.storyboard;
			sourceTree = "<group>";
		};
/* End PBXVariantGroup section */

/* Begin XCBuildConfiguration section */
		CE481B7C1C51D79300C42790 /* Debug */ = {
			isa = XCBuildConfiguration;
			buildSettings = {
				ALWAYS_SEARCH_USER_PATHS = NO;
				CLANG_CXX_LANGUAGE_STANDARD = "gnu++0x";
				CLANG_CXX_LIBRARY = "libc++";
				CLANG_ENABLE_MODULES = YES;
				CLANG_ENABLE_OBJC_ARC = YES;
				CLANG_WARN_BOOL_CONVERSION = YES;
				CLANG_WARN_CONSTANT_CONVERSION = YES;
				CLANG_WARN_DIRECT_OBJC_ISA_USAGE = YES_ERROR;
				CLANG_WARN_EMPTY_BODY = YES;
				CLANG_WARN_ENUM_CONVERSION = YES;
				CLANG_WARN_INT_CONVERSION = YES;
				CLANG_WARN_OBJC_ROOT_CLASS = YES_ERROR;
				CLANG_WARN_UNREACHABLE_CODE = YES;
				CLANG_WARN__DUPLICATE_METHOD_MATCH = YES;
				"CODE_SIGN_IDENTITY[sdk=iphoneos*]" = "iPhone Developer";
				COPY_PHASE_STRIP = NO;
				DEBUG_INFORMATION_FORMAT = dwarf;
				ENABLE_STRICT_OBJC_MSGSEND = YES;
				ENABLE_TESTABILITY = YES;
				GCC_C_LANGUAGE_STANDARD = gnu99;
				GCC_DYNAMIC_NO_PIC = NO;
				GCC_NO_COMMON_BLOCKS = YES;
				GCC_OPTIMIZATION_LEVEL = 0;
				GCC_PREPROCESSOR_DEFINITIONS = (
					"DEBUG=1",
					"$(inherited)",
				);
				GCC_WARN_64_TO_32_BIT_CONVERSION = YES;
				GCC_WARN_ABOUT_RETURN_TYPE = YES_ERROR;
				GCC_WARN_UNDECLARED_SELECTOR = YES;
				GCC_WARN_UNINITIALIZED_AUTOS = YES_AGGRESSIVE;
				GCC_WARN_UNUSED_FUNCTION = YES;
				GCC_WARN_UNUSED_VARIABLE = YES;
				IPHONEOS_DEPLOYMENT_TARGET = 9.2;
				MTL_ENABLE_DEBUG_INFO = YES;
				ONLY_ACTIVE_ARCH = YES;
				SDKROOT = iphoneos;
				SWIFT_OPTIMIZATION_LEVEL = "-Onone";
			};
			name = Debug;
		};
		CE481B7D1C51D79300C42790 /* Release */ = {
			isa = XCBuildConfiguration;
			buildSettings = {
				ALWAYS_SEARCH_USER_PATHS = NO;
				CLANG_CXX_LANGUAGE_STANDARD = "gnu++0x";
				CLANG_CXX_LIBRARY = "libc++";
				CLANG_ENABLE_MODULES = YES;
				CLANG_ENABLE_OBJC_ARC = YES;
				CLANG_WARN_BOOL_CONVERSION = YES;
				CLANG_WARN_CONSTANT_CONVERSION = YES;
				CLANG_WARN_DIRECT_OBJC_ISA_USAGE = YES_ERROR;
				CLANG_WARN_EMPTY_BODY = YES;
				CLANG_WARN_ENUM_CONVERSION = YES;
				CLANG_WARN_INT_CONVERSION = YES;
				CLANG_WARN_OBJC_ROOT_CLASS = YES_ERROR;
				CLANG_WARN_UNREACHABLE_CODE = YES;
				CLANG_WARN__DUPLICATE_METHOD_MATCH = YES;
				"CODE_SIGN_IDENTITY[sdk=iphoneos*]" = "iPhone Developer";
				COPY_PHASE_STRIP = NO;
				DEBUG_INFORMATION_FORMAT = "dwarf-with-dsym";
				ENABLE_NS_ASSERTIONS = NO;
				ENABLE_STRICT_OBJC_MSGSEND = YES;
				GCC_C_LANGUAGE_STANDARD = gnu99;
				GCC_NO_COMMON_BLOCKS = YES;
				GCC_WARN_64_TO_32_BIT_CONVERSION = YES;
				GCC_WARN_ABOUT_RETURN_TYPE = YES_ERROR;
				GCC_WARN_UNDECLARED_SELECTOR = YES;
				GCC_WARN_UNINITIALIZED_AUTOS = YES_AGGRESSIVE;
				GCC_WARN_UNUSED_FUNCTION = YES;
				GCC_WARN_UNUSED_VARIABLE = YES;
				IPHONEOS_DEPLOYMENT_TARGET = 9.2;
				MTL_ENABLE_DEBUG_INFO = NO;
				SDKROOT = iphoneos;
				VALIDATE_PRODUCT = YES;
			};
			name = Release;
		};
		CE481B7F1C51D79300C42790 /* Debug */ = {
			isa = XCBuildConfiguration;
			baseConfigurationReference = 2A75E9C62F6733C8B973D176 /* Pods-Instagram Feed.debug.xcconfig */;
			buildSettings = {
				ASSETCATALOG_COMPILER_APPICON_NAME = AppIcon;
				INFOPLIST_FILE = "Instagram Feed/Info.plist";
				IPHONEOS_DEPLOYMENT_TARGET = 8.0;
				LD_RUNPATH_SEARCH_PATHS = "$(inherited) @executable_path/Frameworks";
				PRODUCT_BUNDLE_IDENTIFIER = "Menezes.Instagram-Feed";
				PRODUCT_NAME = "$(TARGET_NAME)";
			};
			name = Debug;
		};
		CE481B801C51D79300C42790 /* Release */ = {
			isa = XCBuildConfiguration;
			baseConfigurationReference = CFC08CAEB5B0021B2E0BB567 /* Pods-Instagram Feed.release.xcconfig */;
			buildSettings = {
				ASSETCATALOG_COMPILER_APPICON_NAME = AppIcon;
				INFOPLIST_FILE = "Instagram Feed/Info.plist";
				IPHONEOS_DEPLOYMENT_TARGET = 8.0;
				LD_RUNPATH_SEARCH_PATHS = "$(inherited) @executable_path/Frameworks";
				PRODUCT_BUNDLE_IDENTIFIER = "Menezes.Instagram-Feed";
				PRODUCT_NAME = "$(TARGET_NAME)";
			};
			name = Release;
		};
/* End XCBuildConfiguration section */

/* Begin XCConfigurationList section */
		CE481B671C51D79300C42790 /* Build configuration list for PBXProject "Instagram Feed" */ = {
			isa = XCConfigurationList;
			buildConfigurations = (
				CE481B7C1C51D79300C42790 /* Debug */,
				CE481B7D1C51D79300C42790 /* Release */,
			);
			defaultConfigurationIsVisible = 0;
			defaultConfigurationName = Release;
		};
		CE481B7E1C51D79300C42790 /* Build configuration list for PBXNativeTarget "Instagram Feed" */ = {
			isa = XCConfigurationList;
			buildConfigurations = (
				CE481B7F1C51D79300C42790 /* Debug */,
				CE481B801C51D79300C42790 /* Release */,
			);
			defaultConfigurationIsVisible = 0;
			defaultConfigurationName = Release;
		};
/* End XCConfigurationList section */
	};
	rootObject = CE481B641C51D79300C42790 /* Project object */;
}
